
Microsoft Visual Studio Solution File, Format Version 12.00
# Visual Studio Version 17
VisualStudioVersion = 17.5.2.0
MinimumVisualStudioVersion = 10.0.40219.1
Project("{2150E333-8FDC-42A3-9474-1A3956D46DE8}") = "services", "services", "{5854FF58-B8C5-05C6-5BF2-ACE42193F22B}"
EndProject
Project("{2150E333-8FDC-42A3-9474-1A3956D46DE8}") = "user-service", "user-service", "{894F4CE1-B484-F744-A4B2-6323977B165A}"
EndProject
Project("{FAE04EC0-301F-11D3-BF4B-00C04F79EFBC}") = "UserService", "services\user-service\UserService\UserService.csproj", "{EA367FFA-0B5F-0669-2F7C-4378B660A8D3}"
EndProject
Project("{2150E333-8FDC-42A3-9474-1A3956D46DE8}") = "property-service", "property-service", "{D459035D-4ADF-A9DE-55B2-C5BE408924AF}"
EndProject
Project("{FAE04EC0-301F-11D3-BF4B-00C04F79EFBC}") = "PropertyService", "services\property-service\PropertyService\PropertyService.csproj", "{14AD810C-A352-45B5-B633-7EDE1EF26C58}"
EndProject
Project("{2150E333-8FDC-42A3-9474-1A3956D46DE8}") = "search-service", "search-service", "{5E2CB670-2A91-A921-91B6-C7578B4DCEC0}"
EndProject
Project("{FAE04EC0-301F-11D3-BF4B-00C04F79EFBC}") = "SearchService", "services\search-service\SearchService\SearchService.csproj", "{343A9050-0F56-4FB4-A72E-C3678FC231D6}"
EndProject
Project("{2150E333-8FDC-42A3-9474-1A3956D46DE8}") = "shared-libraries", "shared-libraries", "{3EBEFAFA-38CA-46BD-A53A-B04B38960207}"
EndProject
Project("{FAE04EC0-301F-11D3-BF4B-00C04F79EFBC}") = "SharedDTOs", "shared-libraries\SharedDTOs\SharedDTOs.csproj", "{6E283DEC-5221-4927-A72B-BA187EC16663}"
EndProject
Project("{2150E333-8FDC-42A3-9474-1A3956D46DE8}") = "notification-service", "notification-service", "{4D26B12A-2FB9-4951-A853-7D9A296F7F80}"
EndProject
Project("{FAE04EC0-301F-11D3-BF4B-00C04F79EFBC}") = "NotificationService", "services\notification-service\NotificationService\NotificationService.csproj", "{F9E9DA2B-33E7-4955-9E1A-F77F7E38BA1E}"
EndProject
Project("{2150E333-8FDC-42A3-9474-1A3956D46DE8}") = "chat-service", "chat-service", "{8185743B-3A47-4EEE-835B-E31DC12374E7}"
EndProject
Project("{FAE04EC0-301F-11D3-BF4B-00C04F79EFBC}") = "ChatService", "services\chat-service\ChatService\ChatService.csproj", "{E7CD7234-F7FB-4E06-8B1D-0E26AE206452}"
EndProject
Project("{2150E333-8FDC-42A3-9474-1A3956D46DE8}") = "action-tracking-service", "action-tracking-service", "{BFF6C132-30B2-4994-A859-339F38C4B1FD}"
EndProject
Project("{FAE04EC0-301F-11D3-BF4B-00C04F79EFBC}") = "ActionTrackingService", "services\action-tracking-service\ActionTrackingService\ActionTrackingService.csproj", "{470038E4-C394-451C-AD2F-FF8284081B89}"
EndProject
Global
	GlobalSection(SolutionConfigurationPlatforms) = preSolution
		Debug|Any CPU = Debug|Any CPU
		Release|Any CPU = Release|Any CPU
	EndGlobalSection
	GlobalSection(ProjectConfigurationPlatforms) = postSolution
		{EA367FFA-0B5F-0669-2F7C-4378B660A8D3}.Debug|Any CPU.ActiveCfg = Debug|Any CPU
		{EA367FFA-0B5F-0669-2F7C-4378B660A8D3}.Debug|Any CPU.Build.0 = Debug|Any CPU
		{EA367FFA-0B5F-0669-2F7C-4378B660A8D3}.Release|Any CPU.ActiveCfg = Release|Any CPU
		{EA367FFA-0B5F-0669-2F7C-4378B660A8D3}.Release|Any CPU.Build.0 = Release|Any CPU
		{14AD810C-A352-45B5-B633-7EDE1EF26C58}.Debug|Any CPU.ActiveCfg = Debug|Any CPU
		{14AD810C-A352-45B5-B633-7EDE1EF26C58}.Debug|Any CPU.Build.0 = Debug|Any CPU
		{14AD810C-A352-45B5-B633-7EDE1EF26C58}.Release|Any CPU.ActiveCfg = Release|Any CPU
		{14AD810C-A352-45B5-B633-7EDE1EF26C58}.Release|Any CPU.Build.0 = Release|Any CPU
		{343A9050-0F56-4FB4-A72E-C3678FC231D6}.Debug|Any CPU.ActiveCfg = Debug|Any CPU
		{343A9050-0F56-4FB4-A72E-C3678FC231D6}.Debug|Any CPU.Build.0 = Debug|Any CPU
		{343A9050-0F56-4FB4-A72E-C3678FC231D6}.Release|Any CPU.ActiveCfg = Release|Any CPU
		{343A9050-0F56-4FB4-A72E-C3678FC231D6}.Release|Any CPU.Build.0 = Release|Any CPU
		{6E283DEC-5221-4927-A72B-BA187EC16663}.Debug|Any CPU.ActiveCfg = Debug|Any CPU
		{6E283DEC-5221-4927-A72B-BA187EC16663}.Debug|Any CPU.Build.0 = Debug|Any CPU
		{6E283DEC-5221-4927-A72B-BA187EC16663}.Release|Any CPU.ActiveCfg = Release|Any CPU
		{6E283DEC-5221-4927-A72B-BA187EC16663}.Release|Any CPU.Build.0 = Release|Any CPU
		{F9E9DA2B-33E7-4955-9E1A-F77F7E38BA1E}.Debug|Any CPU.ActiveCfg = Debug|Any CPU
		{F9E9DA2B-33E7-4955-9E1A-F77F7E38BA1E}.Debug|Any CPU.Build.0 = Debug|Any CPU
		{F9E9DA2B-33E7-4955-9E1A-F77F7E38BA1E}.Release|Any CPU.ActiveCfg = Release|Any CPU
		{F9E9DA2B-33E7-4955-9E1A-F77F7E38BA1E}.Release|Any CPU.Build.0 = Release|Any CPU
		{E7CD7234-F7FB-4E06-8B1D-0E26AE206452}.Debug|Any CPU.ActiveCfg = Debug|Any CPU
		{E7CD7234-F7FB-4E06-8B1D-0E26AE206452}.Debug|Any CPU.Build.0 = Debug|Any CPU
		{E7CD7234-F7FB-4E06-8B1D-0E26AE206452}.Release|Any CPU.ActiveCfg = Release|Any CPU
		{E7CD7234-F7FB-4E06-8B1D-0E26AE206452}.Release|Any CPU.Build.0 = Release|Any CPU
		{470038E4-C394-451C-AD2F-FF8284081B89}.Debug|Any CPU.ActiveCfg = Debug|Any CPU
		{470038E4-C394-451C-AD2F-FF8284081B89}.Debug|Any CPU.Build.0 = Debug|Any CPU
		{470038E4-C394-451C-AD2F-FF8284081B89}.Release|Any CPU.ActiveCfg = Release|Any CPU
		{470038E4-C394-451C-AD2F-FF8284081B89}.Release|Any CPU.Build.0 = Release|Any CPU
	EndGlobalSection
	GlobalSection(SolutionProperties) = preSolution
		HideSolutionNode = FALSE
	EndGlobalSection
	GlobalSection(NestedProjects) = preSolution
		{894F4CE1-B484-F744-A4B2-6323977B165A} = {5854FF58-B8C5-05C6-5BF2-ACE42193F22B}
		{EA367FFA-0B5F-0669-2F7C-4378B660A8D3} = {894F4CE1-B484-F744-A4B2-6323977B165A}
		{D459035D-4ADF-A9DE-55B2-C5BE408924AF} = {5854FF58-B8C5-05C6-5BF2-ACE42193F22B}
		{14AD810C-A352-45B5-B633-7EDE1EF26C58} = {D459035D-4ADF-A9DE-55B2-C5BE408924AF}
		{5E2CB670-2A91-A921-91B6-C7578B4DCEC0} = {5854FF58-B8C5-05C6-5BF2-ACE42193F22B}
		{343A9050-0F56-4FB4-A72E-C3678FC231D6} = {5E2CB670-2A91-A921-91B6-C7578B4DCEC0}
		{6E283DEC-5221-4927-A72B-BA187EC16663} = {3EBEFAFA-38CA-46BD-A53A-B04B38960207}
		{4D26B12A-2FB9-4951-A853-7D9A296F7F80} = {5854FF58-B8C5-05C6-5BF2-ACE42193F22B}
		{F9E9DA2B-33E7-4955-9E1A-F77F7E38BA1E} = {4D26B12A-2FB9-4951-A853-7D9A296F7F80}
		{8185743B-3A47-4EEE-835B-E31DC12374E7} = {5854FF58-B8C5-05C6-5BF2-ACE42193F22B}
		{E7CD7234-F7FB-4E06-8B1D-0E26AE206452} = {8185743B-3A47-4EEE-835B-E31DC12374E7}
		{BFF6C132-30B2-4994-A859-339F38C4B1FD} = {5854FF58-B8C5-05C6-5BF2-ACE42193F22B}
		{470038E4-C394-451C-AD2F-FF8284081B89} = {BFF6C132-30B2-4994-A859-339F38C4B1FD}
	EndGlobalSection
	GlobalSection(ExtensibilityGlobals) = postSolution
		SolutionGuid = {CEF06758-2DF1-4ECD-A37D-78069DD7E70A}
	EndGlobalSection
EndGlobal
