
Microsoft Visual Studio Solution File, Format Version 12.00
# Visual Studio Version 17
VisualStudioVersion = 17.5.2.0
MinimumVisualStudioVersion = 10.0.40219.1
Project("{2150E333-8FDC-42A3-9474-1A3956D46DE8}") = "services", "services", "{5854FF58-B8C5-05C6-5BF2-ACE42193F22B}"
EndProject
Project("{2150E333-8FDC-42A3-9474-1A3956D46DE8}") = "user-service", "user-service", "{894F4CE1-B484-F744-A4B2-6323977B165A}"
EndProject
Project("{FAE04EC0-301F-11D3-BF4B-00C04F79EFBC}") = "UserService", "services\user-service\UserService\UserService.csproj", "{EA367FFA-0B5F-0669-2F7C-4378B660A8D3}"
EndProject
Project("{2150E333-8FDC-42A3-9474-1A3956D46DE8}") = "property-service", "property-service", "{D459035D-4ADF-A9DE-55B2-C5BE408924AF}"
EndProject
Project("{FAE04EC0-301F-11D3-BF4B-00C04F79EFBC}") = "PropertyService", "services\property-service\PropertyService\PropertyService.csproj", "{14AD810C-A352-45B5-B633-7EDE1EF26C58}"
EndProject
Project("{2150E333-8FDC-42A3-9474-1A3956D46DE8}") = "search-service", "search-service", "{5E2CB670-2A91-A921-91B6-C7578B4DCEC0}"
EndProject
Project("{FAE04EC0-301F-11D3-BF4B-00C04F79EFBC}") = "SearchService", "services\search-service\SearchService\SearchService.csproj", "{343A9050-0F56-4FB4-A72E-C3678FC231D6}"
EndProject
Global
	GlobalSection(SolutionConfigurationPlatforms) = preSolution
		Debug|Any CPU = Debug|Any CPU
		Release|Any CPU = Release|Any CPU
	EndGlobalSection
	GlobalSection(ProjectConfigurationPlatforms) = postSolution
		{EA367FFA-0B5F-0669-2F7C-4378B660A8D3}.Debug|Any CPU.ActiveCfg = Debug|Any CPU
		{EA367FFA-0B5F-0669-2F7C-4378B660A8D3}.Debug|Any CPU.Build.0 = Debug|Any CPU
		{EA367FFA-0B5F-0669-2F7C-4378B660A8D3}.Release|Any CPU.ActiveCfg = Release|Any CPU
		{EA367FFA-0B5F-0669-2F7C-4378B660A8D3}.Release|Any CPU.Build.0 = Release|Any CPU
		{14AD810C-A352-45B5-B633-7EDE1EF26C58}.Debug|Any CPU.ActiveCfg = Debug|Any CPU
		{14AD810C-A352-45B5-B633-7EDE1EF26C58}.Debug|Any CPU.Build.0 = Debug|Any CPU
		{14AD810C-A352-45B5-B633-7EDE1EF26C58}.Release|Any CPU.ActiveCfg = Release|Any CPU
		{14AD810C-A352-45B5-B633-7EDE1EF26C58}.Release|Any CPU.Build.0 = Release|Any CPU
		{343A9050-0F56-4FB4-A72E-C3678FC231D6}.Debug|Any CPU.ActiveCfg = Debug|Any CPU
		{343A9050-0F56-4FB4-A72E-C3678FC231D6}.Debug|Any CPU.Build.0 = Debug|Any CPU
		{343A9050-0F56-4FB4-A72E-C3678FC231D6}.Release|Any CPU.ActiveCfg = Release|Any CPU
		{343A9050-0F56-4FB4-A72E-C3678FC231D6}.Release|Any CPU.Build.0 = Release|Any CPU
	EndGlobalSection
	GlobalSection(SolutionProperties) = preSolution
		HideSolutionNode = FALSE
	EndGlobalSection
	GlobalSection(NestedProjects) = preSolution
		{894F4CE1-B484-F744-A4B2-6323977B165A} = {5854FF58-B8C5-05C6-5BF2-ACE42193F22B}
		{EA367FFA-0B5F-0669-2F7C-4378B660A8D3} = {894F4CE1-B484-F744-A4B2-6323977B165A}
		{D459035D-4ADF-A9DE-55B2-C5BE408924AF} = {5854FF58-B8C5-05C6-5BF2-ACE42193F22B}
		{14AD810C-A352-45B5-B633-7EDE1EF26C58} = {D459035D-4ADF-A9DE-55B2-C5BE408924AF}
		{5E2CB670-2A91-A921-91B6-C7578B4DCEC0} = {5854FF58-B8C5-05C6-5BF2-ACE42193F22B}
		{343A9050-0F56-4FB4-A72E-C3678FC231D6} = {5E2CB670-2A91-A921-91B6-C7578B4DCEC0}
	EndGlobalSection
	GlobalSection(ExtensibilityGlobals) = postSolution
		SolutionGuid = {CEF06758-2DF1-4ECD-A37D-78069DD7E70A}
	EndGlobalSection
EndGlobal
